// !$*UTF8*$!
{
	archiveVersion = 1;
	classes = {
	};
	objectVersion = 48;
	objects = {

/* Begin PBXBuildFile section */
		70627ADD20AFB3D9000368D9 /* main.cpp in Sources */ = {isa = PBXBuildFile; fileRef = 70627ADC20AFB3D9000368D9 /* main.cpp */; };
		70627AEE20AFB4AC000368D9 /* TrainDataFactory.cpp in Sources */ = {isa = PBXBuildFile; fileRef = 70627AE320AFB4AC000368D9 /* TrainDataFactory.cpp */; };
		70627AEF20AFB4AC000368D9 /* NeuralNetThreeLayer.cpp in Sources */ = {isa = PBXBuildFile; fileRef = 70627AE520AFB4AC000368D9 /* NeuralNetThreeLayer.cpp */; };
		70627AF020AFB4AC000368D9 /* Matrix.cpp in Sources */ = {isa = PBXBuildFile; fileRef = 70627AE620AFB4AC000368D9 /* Matrix.cpp */; };
		70627AF120AFB4AC000368D9 /* Perceptron.cpp in Sources */ = {isa = PBXBuildFile; fileRef = 70627AE720AFB4AC000368D9 /* Perceptron.cpp */; };
		70627AF220AFB4AC000368D9 /* MatrixUnitTest.cpp in Sources */ = {isa = PBXBuildFile; fileRef = 70627AE920AFB4AC000368D9 /* MatrixUnitTest.cpp */; };
/* End PBXBuildFile section */

/* Begin PBXCopyFilesBuildPhase section */
		70627AD720AFB3D9000368D9 /* CopyFiles */ = {
			isa = PBXCopyFilesBuildPhase;
			buildActionMask = 2147483647;
			dstPath = /usr/share/man/man1/;
			dstSubfolderSpec = 0;
			files = (
			);
			runOnlyForDeploymentPostprocessing = 1;
		};
/* End PBXCopyFilesBuildPhase section */

/* Begin PBXFileReference section */
		70627AD920AFB3D9000368D9 /* LiteNN */ = {isa = PBXFileReference; explicitFileType = "compiled.mach-o.executable"; includeInIndex = 0; path = LiteNN; sourceTree = BUILT_PRODUCTS_DIR; };
		70627ADC20AFB3D9000368D9 /* main.cpp */ = {isa = PBXFileReference; lastKnownFileType = sourcecode.cpp.cpp; path = main.cpp; sourceTree = "<group>"; };
		70627AE320AFB4AC000368D9 /* TrainDataFactory.cpp */ = {isa = PBXFileReference; fileEncoding = 4; lastKnownFileType = sourcecode.cpp.cpp; path = TrainDataFactory.cpp; sourceTree = "<group>"; };
		70627AE420AFB4AC000368D9 /* MatrixUnitTest.hpp */ = {isa = PBXFileReference; fileEncoding = 4; lastKnownFileType = sourcecode.cpp.h; path = MatrixUnitTest.hpp; sourceTree = "<group>"; };
		70627AE520AFB4AC000368D9 /* NeuralNetThreeLayer.cpp */ = {isa = PBXFileReference; fileEncoding = 4; lastKnownFileType = sourcecode.cpp.cpp; path = NeuralNetThreeLayer.cpp; sourceTree = "<group>"; };
		70627AE620AFB4AC000368D9 /* Matrix.cpp */ = {isa = PBXFileReference; fileEncoding = 4; lastKnownFileType = sourcecode.cpp.cpp; path = Matrix.cpp; sourceTree = "<group>"; };
		70627AE720AFB4AC000368D9 /* Perceptron.cpp */ = {isa = PBXFileReference; fileEncoding = 4; lastKnownFileType = sourcecode.cpp.cpp; path = Perceptron.cpp; sourceTree = "<group>"; };
		70627AE820AFB4AC000368D9 /* TrainDataFactory.hpp */ = {isa = PBXFileReference; fileEncoding = 4; lastKnownFileType = sourcecode.cpp.h; path = TrainDataFactory.hpp; sourceTree = "<group>"; };
		70627AE920AFB4AC000368D9 /* MatrixUnitTest.cpp */ = {isa = PBXFileReference; fileEncoding = 4; lastKnownFileType = sourcecode.cpp.cpp; path = MatrixUnitTest.cpp; sourceTree = "<group>"; };
		70627AEA20AFB4AC000368D9 /* Perceptron.hpp */ = {isa = PBXFileReference; fileEncoding = 4; lastKnownFileType = sourcecode.cpp.h; path = Perceptron.hpp; sourceTree = "<group>"; };
		70627AEB20AFB4AC000368D9 /* Matrix.hpp */ = {isa = PBXFileReference; fileEncoding = 4; lastKnownFileType = sourcecode.cpp.h; path = Matrix.hpp; sourceTree = "<group>"; };
		70627AEC20AFB4AC000368D9 /* MatrixUnitTest.txt */ = {isa = PBXFileReference; fileEncoding = 4; lastKnownFileType = text; path = MatrixUnitTest.txt; sourceTree = "<group>"; };
		70627AED20AFB4AC000368D9 /* NeuralNetThreeLayer.hpp */ = {isa = PBXFileReference; fileEncoding = 4; lastKnownFileType = sourcecode.cpp.h; path = NeuralNetThreeLayer.hpp; sourceTree = "<group>"; };
/* End PBXFileReference section */

/* Begin PBXFrameworksBuildPhase section */
		70627AD620AFB3D9000368D9 /* Frameworks */ = {
			isa = PBXFrameworksBuildPhase;
			buildActionMask = 2147483647;
			files = (
			);
			runOnlyForDeploymentPostprocessing = 0;
		};
/* End PBXFrameworksBuildPhase section */

/* Begin PBXGroup section */
		70627AD020AFB3D9000368D9 = {
			isa = PBXGroup;
			children = (
				70627ADB20AFB3D9000368D9 /* LiteNN */,
				70627ADA20AFB3D9000368D9 /* Products */,
			);
			sourceTree = "<group>";
		};
		70627ADA20AFB3D9000368D9 /* Products */ = {
			isa = PBXGroup;
			children = (
				70627AD920AFB3D9000368D9 /* LiteNN */,
			);
			name = Products;
			sourceTree = "<group>";
		};
		70627ADB20AFB3D9000368D9 /* LiteNN */ = {
			isa = PBXGroup;
			children = (
				70627AE620AFB4AC000368D9 /* Matrix.cpp */,
				70627AEB20AFB4AC000368D9 /* Matrix.hpp */,
				70627AE920AFB4AC000368D9 /* MatrixUnitTest.cpp */,
				70627AE420AFB4AC000368D9 /* MatrixUnitTest.hpp */,
				70627AEC20AFB4AC000368D9 /* MatrixUnitTest.txt */,
				70627AE520AFB4AC000368D9 /* NeuralNetThreeLayer.cpp */,
				70627AED20AFB4AC000368D9 /* NeuralNetThreeLayer.hpp */,
				70627AE720AFB4AC000368D9 /* Perceptron.cpp */,
				70627AEA20AFB4AC000368D9 /* Perceptron.hpp */,
				70627AE320AFB4AC000368D9 /* TrainDataFactory.cpp */,
				70627AE820AFB4AC000368D9 /* TrainDataFactory.hpp */,
				70627ADC20AFB3D9000368D9 /* main.cpp */,
			);
			path = LiteNN;
			sourceTree = "<group>";
		};
/* End PBXGroup section */

/* Begin PBXNativeTarget section */
		70627AD820AFB3D9000368D9 /* LiteNN */ = {
			isa = PBXNativeTarget;
			buildConfigurationList = 70627AE020AFB3D9000368D9 /* Build configuration list for PBXNativeTarget "LiteNN" */;
			buildPhases = (
				70627AD520AFB3D9000368D9 /* Sources */,
				70627AD620AFB3D9000368D9 /* Frameworks */,
				70627AD720AFB3D9000368D9 /* CopyFiles */,
			);
			buildRules = (
			);
			dependencies = (
			);
			name = LiteNN;
			productName = LiteNN;
			productReference = 70627AD920AFB3D9000368D9 /* LiteNN */;
			productType = "com.apple.product-type.tool";
		};
/* End PBXNativeTarget section */

/* Begin PBXProject section */
		70627AD120AFB3D9000368D9 /* Project object */ = {
			isa = PBXProject;
			attributes = {
				LastUpgradeCheck = 0920;
				ORGANIZATIONNAME = "明翰  楊";
				TargetAttributes = {
					70627AD820AFB3D9000368D9 = {
						CreatedOnToolsVersion = 9.2;
						ProvisioningStyle = Automatic;
					};
				};
			};
			buildConfigurationList = 70627AD420AFB3D9000368D9 /* Build configuration list for PBXProject "LiteNN" */;
			compatibilityVersion = "Xcode 8.0";
			developmentRegion = en;
			hasScannedForEncodings = 0;
			knownRegions = (
				en,
			);
			mainGroup = 70627AD020AFB3D9000368D9;
			productRefGroup = 70627ADA20AFB3D9000368D9 /* Products */;
			projectDirPath = "";
			projectRoot = "";
			targets = (
				70627AD820AFB3D9000368D9 /* LiteNN */,
			);
		};
/* End PBXProject section */

/* Begin PBXSourcesBuildPhase section */
		70627AD520AFB3D9000368D9 /* Sources */ = {
			isa = PBXSourcesBuildPhase;
			buildActionMask = 2147483647;
			files = (
				70627AF220AFB4AC000368D9 /* MatrixUnitTest.cpp in Sources */,
				70627AF020AFB4AC000368D9 /* Matrix.cpp in Sources */,
				70627AF120AFB4AC000368D9 /* Perceptron.cpp in Sources */,
				70627ADD20AFB3D9000368D9 /* main.cpp in Sources */,
				70627AEE20AFB4AC000368D9 /* TrainDataFactory.cpp in Sources */,
				70627AEF20AFB4AC000368D9 /* NeuralNetThreeLayer.cpp in Sources */,
			);
			runOnlyForDeploymentPostprocessing = 0;
		};
/* End PBXSourcesBuildPhase section */

/* Begin XCBuildConfiguration section */
		70627ADE20AFB3D9000368D9 /* Debug */ = {
			isa = XCBuildConfiguration;
			buildSettings = {
				ALWAYS_SEARCH_USER_PATHS = NO;
				CLANG_ANALYZER_NONNULL = YES;
				CLANG_ANALYZER_NUMBER_OBJECT_CONVERSION = YES_AGGRESSIVE;
				CLANG_CXX_LANGUAGE_STANDARD = "gnu++14";
				CLANG_CXX_LIBRARY = "libc++";
				CLANG_ENABLE_MODULES = YES;
				CLANG_ENABLE_OBJC_ARC = YES;
				CLANG_WARN_BLOCK_CAPTURE_AUTORELEASING = YES;
				CLANG_WARN_BOOL_CONVERSION = YES;
				CLANG_WARN_COMMA = YES;
				CLANG_WARN_CONSTANT_CONVERSION = YES;
				CLANG_WARN_DIRECT_OBJC_ISA_USAGE = YES_ERROR;
				CLANG_WARN_DOCUMENTATION_COMMENTS = YES;
				CLANG_WARN_EMPTY_BODY = YES;
				CLANG_WARN_ENUM_CONVERSION = YES;
				CLANG_WARN_INFINITE_RECURSION = YES;
				CLANG_WARN_INT_CONVERSION = YES;
				CLANG_WARN_NON_LITERAL_NULL_CONVERSION = YES;
				CLANG_WARN_OBJC_LITERAL_CONVERSION = YES;
				CLANG_WARN_OBJC_ROOT_CLASS = YES_ERROR;
				CLANG_WARN_RANGE_LOOP_ANALYSIS = YES;
				CLANG_WARN_STRICT_PROTOTYPES = YES;
				CLANG_WARN_SUSPICIOUS_MOVE = YES;
				CLANG_WARN_UNGUARDED_AVAILABILITY = YES_AGGRESSIVE;
				CLANG_WARN_UNREACHABLE_CODE = YES;
				CLANG_WARN__DUPLICATE_METHOD_MATCH = YES;
				CODE_SIGN_IDENTITY = "-";
				COPY_PHASE_STRIP = NO;
				DEBUG_INFORMATION_FORMAT = dwarf;
				ENABLE_STRICT_OBJC_MSGSEND = YES;
				ENABLE_TESTABILITY = YES;
				GCC_C_LANGUAGE_STANDARD = gnu11;
				GCC_DYNAMIC_NO_PIC = NO;
				GCC_NO_COMMON_BLOCKS = YES;
				GCC_OPTIMIZATION_LEVEL = 0;
				GCC_PREPROCESSOR_DEFINITIONS = (
					"DEBUG=1",
					"$(inherited)",
				);
				GCC_WARN_64_TO_32_BIT_CONVERSION = YES;
				GCC_WARN_ABOUT_RETURN_TYPE = YES_ERROR;
				GCC_WARN_UNDECLARED_SELECTOR = YES;
				GCC_WARN_UNINITIALIZED_AUTOS = YES_AGGRESSIVE;
				GCC_WARN_UNUSED_FUNCTION = YES;
				GCC_WARN_UNUSED_VARIABLE = YES;
				MACOSX_DEPLOYMENT_TARGET = 10.13;
				MTL_ENABLE_DEBUG_INFO = YES;
				ONLY_ACTIVE_ARCH = YES;
				SDKROOT = macosx;
			};
			name = Debug;
		};
		70627ADF20AFB3D9000368D9 /* Release */ = {
			isa = XCBuildConfiguration;
			buildSettings = {
				ALWAYS_SEARCH_USER_PATHS = NO;
				CLANG_ANALYZER_NONNULL = YES;
				CLANG_ANALYZER_NUMBER_OBJECT_CONVERSION = YES_AGGRESSIVE;
				CLANG_CXX_LANGUAGE_STANDARD = "gnu++14";
				CLANG_CXX_LIBRARY = "libc++";
				CLANG_ENABLE_MODULES = YES;
				CLANG_ENABLE_OBJC_ARC = YES;
				CLANG_WARN_BLOCK_CAPTURE_AUTORELEASING = YES;
				CLANG_WARN_BOOL_CONVERSION = YES;
				CLANG_WARN_COMMA = YES;
				CLANG_WARN_CONSTANT_CONVERSION = YES;
				CLANG_WARN_DIRECT_OBJC_ISA_USAGE = YES_ERROR;
				CLANG_WARN_DOCUMENTATION_COMMENTS = YES;
				CLANG_WARN_EMPTY_BODY = YES;
				CLANG_WARN_ENUM_CONVERSION = YES;
				CLANG_WARN_INFINITE_RECURSION = YES;
				CLANG_WARN_INT_CONVERSION = YES;
				CLANG_WARN_NON_LITERAL_NULL_CONVERSION = YES;
				CLANG_WARN_OBJC_LITERAL_CONVERSION = YES;
				CLANG_WARN_OBJC_ROOT_CLASS = YES_ERROR;
				CLANG_WARN_RANGE_LOOP_ANALYSIS = YES;
				CLANG_WARN_STRICT_PROTOTYPES = YES;
				CLANG_WARN_SUSPICIOUS_MOVE = YES;
				CLANG_WARN_UNGUARDED_AVAILABILITY = YES_AGGRESSIVE;
				CLANG_WARN_UNREACHABLE_CODE = YES;
				CLANG_WARN__DUPLICATE_METHOD_MATCH = YES;
				CODE_SIGN_IDENTITY = "-";
				COPY_PHASE_STRIP = NO;
				DEBUG_INFORMATION_FORMAT = "dwarf-with-dsym";
				ENABLE_NS_ASSERTIONS = NO;
				ENABLE_STRICT_OBJC_MSGSEND = YES;
				GCC_C_LANGUAGE_STANDARD = gnu11;
				GCC_NO_COMMON_BLOCKS = YES;
				GCC_WARN_64_TO_32_BIT_CONVERSION = YES;
				GCC_WARN_ABOUT_RETURN_TYPE = YES_ERROR;
				GCC_WARN_UNDECLARED_SELECTOR = YES;
				GCC_WARN_UNINITIALIZED_AUTOS = YES_AGGRESSIVE;
				GCC_WARN_UNUSED_FUNCTION = YES;
				GCC_WARN_UNUSED_VARIABLE = YES;
				MACOSX_DEPLOYMENT_TARGET = 10.13;
				MTL_ENABLE_DEBUG_INFO = NO;
				SDKROOT = macosx;
			};
			name = Release;
		};
		70627AE120AFB3D9000368D9 /* Debug */ = {
			isa = XCBuildConfiguration;
			buildSettings = {
				CODE_SIGN_STYLE = Automatic;
				PRODUCT_NAME = "$(TARGET_NAME)";
			};
			name = Debug;
		};
		70627AE220AFB3D9000368D9 /* Release */ = {
			isa = XCBuildConfiguration;
			buildSettings = {
				CODE_SIGN_STYLE = Automatic;
				PRODUCT_NAME = "$(TARGET_NAME)";
			};
			name = Release;
		};
/* End XCBuildConfiguration section */

/* Begin XCConfigurationList section */
		70627AD420AFB3D9000368D9 /* Build configuration list for PBXProject "LiteNN" */ = {
			isa = XCConfigurationList;
			buildConfigurations = (
				70627ADE20AFB3D9000368D9 /* Debug */,
				70627ADF20AFB3D9000368D9 /* Release */,
			);
			defaultConfigurationIsVisible = 0;
			defaultConfigurationName = Release;
		};
		70627AE020AFB3D9000368D9 /* Build configuration list for PBXNativeTarget "LiteNN" */ = {
			isa = XCConfigurationList;
			buildConfigurations = (
				70627AE120AFB3D9000368D9 /* Debug */,
				70627AE220AFB3D9000368D9 /* Release */,
			);
			defaultConfigurationIsVisible = 0;
			defaultConfigurationName = Release;
		};
/* End XCConfigurationList section */
	};
	rootObject = 70627AD120AFB3D9000368D9 /* Project object */;
}
